{
  "requires": true,
  "lockfileVersion": 1,
  "dependencies": {
    "sortablejs": {
      "version": "1.7.0",
      "resolved": "https://registry.npmjs.org/sortablejs/-/sortablejs-1.7.0.tgz",
      "integrity": "sha1-gKKyNwq9Vo4c7IwnETHvMKkE+ig="
    },
    "vuedraggable": {
      "version": "2.17.0",
      "resolved": "https://registry.npmjs.org/vuedraggable/-/vuedraggable-2.17.0.tgz",
      "integrity": "sha512-TAC5tJTSbHSINQCSB59qHnuzT0Ad+E3IgvSWuA1e9UaebD8DxKaY1tCdvL3XvuLoaM3wc1dhpP/NbjpdxYsrng==",
      "requires": {
        "sortablejs": "^1.7.0"
      }
    }
  }
}
